
Microsoft Visual Studio Solution File, Format Version 12.00
# Visual Studio 15
VisualStudioVersion = 15.0.26430.6
MinimumVisualStudioVersion = 10.0.40219.1
Project("{FAE04EC0-301F-11D3-BF4B-00C04F79EFBC}") = "AsyncCache", "AsyncCache\AsyncCache.csproj", "{9947DB1A-71E8-4B83-B19D-9AB7E34FB4E0}"
EndProject
Project("{FAE04EC0-301F-11D3-BF4B-00C04F79EFBC}") = "AsyncCache.Tests", "AsyncCache.Tests\AsyncCache.Tests.csproj", "{75D5EEB1-0197-4815-85AA-DCAE9231EA18}"
EndProject
Global
	GlobalSection(SolutionConfigurationPlatforms) = preSolution
		Debug|Any CPU = Debug|Any CPU
		Release|Any CPU = Release|Any CPU
	EndGlobalSection
	GlobalSection(ProjectConfigurationPlatforms) = postSolution
		{9947DB1A-71E8-4B83-B19D-9AB7E34FB4E0}.Debug|Any CPU.ActiveCfg = Debug|Any CPU
		{9947DB1A-71E8-4B83-B19D-9AB7E34FB4E0}.Debug|Any CPU.Build.0 = Debug|Any CPU
		{9947DB1A-71E8-4B83-B19D-9AB7E34FB4E0}.Release|Any CPU.ActiveCfg = Release|Any CPU
		{9947DB1A-71E8-4B83-B19D-9AB7E34FB4E0}.Release|Any CPU.Build.0 = Release|Any CPU
		{75D5EEB1-0197-4815-85AA-DCAE9231EA18}.Debug|Any CPU.ActiveCfg = Debug|Any CPU
		{75D5EEB1-0197-4815-85AA-DCAE9231EA18}.Debug|Any CPU.Build.0 = Debug|Any CPU
		{75D5EEB1-0197-4815-85AA-DCAE9231EA18}.Release|Any CPU.ActiveCfg = Release|Any CPU
		{75D5EEB1-0197-4815-85AA-DCAE9231EA18}.Release|Any CPU.Build.0 = Release|Any CPU
	EndGlobalSection
	GlobalSection(SolutionProperties) = preSolution
		HideSolutionNode = FALSE
	EndGlobalSection
EndGlobal
